
Microsoft Visual Studio Solution File, Format Version 12.00
# Visual Studio 2013
VisualStudioVersion = 12.0.40629.0
MinimumVisualStudioVersion = 10.0.40219.1
Project("{FAE04EC0-301F-11D3-BF4B-00C04F79EFBC}") = "CarParts.Models", "CarParts.Models\CarParts.Models.csproj", "{E643C986-6140-4FB7-99E4-BF8A984D466A}"
EndProject
Project("{FAE04EC0-301F-11D3-BF4B-00C04F79EFBC}") = "CarParts.Data", "CarParts.Data\CarParts.Data.csproj", "{85C78D9C-DEAA-4DC5-83B6-8B10F73D42AF}"
EndProject
Project("{FAE04EC0-301F-11D3-BF4B-00C04F79EFBC}") = "CarParts.ConsoleClient", "CarParts.ConsoleClient\CarParts.ConsoleClient.csproj", "{8CE87978-D912-4D00-8AFE-86578050B373}"
EndProject
Project("{FAE04EC0-301F-11D3-BF4B-00C04F79EFBC}") = "CarParts.Utils", "CarParts.Utils\CarParts.Utils.csproj", "{DE291B7C-E518-4BA1-8DFC-05547764B5E0}"
EndProject
Global
	GlobalSection(SolutionConfigurationPlatforms) = preSolution
		Debug|Any CPU = Debug|Any CPU
		Release|Any CPU = Release|Any CPU
	EndGlobalSection
	GlobalSection(ProjectConfigurationPlatforms) = postSolution
		{E643C986-6140-4FB7-99E4-BF8A984D466A}.Debug|Any CPU.ActiveCfg = Debug|Any CPU
		{E643C986-6140-4FB7-99E4-BF8A984D466A}.Debug|Any CPU.Build.0 = Debug|Any CPU
		{E643C986-6140-4FB7-99E4-BF8A984D466A}.Release|Any CPU.ActiveCfg = Release|Any CPU
		{E643C986-6140-4FB7-99E4-BF8A984D466A}.Release|Any CPU.Build.0 = Release|Any CPU
		{85C78D9C-DEAA-4DC5-83B6-8B10F73D42AF}.Debug|Any CPU.ActiveCfg = Debug|Any CPU
		{85C78D9C-DEAA-4DC5-83B6-8B10F73D42AF}.Debug|Any CPU.Build.0 = Debug|Any CPU
		{85C78D9C-DEAA-4DC5-83B6-8B10F73D42AF}.Release|Any CPU.ActiveCfg = Release|Any CPU
		{85C78D9C-DEAA-4DC5-83B6-8B10F73D42AF}.Release|Any CPU.Build.0 = Release|Any CPU
		{8CE87978-D912-4D00-8AFE-86578050B373}.Debug|Any CPU.ActiveCfg = Debug|Any CPU
		{8CE87978-D912-4D00-8AFE-86578050B373}.Debug|Any CPU.Build.0 = Debug|Any CPU
		{8CE87978-D912-4D00-8AFE-86578050B373}.Release|Any CPU.ActiveCfg = Release|Any CPU
		{8CE87978-D912-4D00-8AFE-86578050B373}.Release|Any CPU.Build.0 = Release|Any CPU
		{DE291B7C-E518-4BA1-8DFC-05547764B5E0}.Debug|Any CPU.ActiveCfg = Debug|Any CPU
		{DE291B7C-E518-4BA1-8DFC-05547764B5E0}.Debug|Any CPU.Build.0 = Debug|Any CPU
		{DE291B7C-E518-4BA1-8DFC-05547764B5E0}.Release|Any CPU.ActiveCfg = Release|Any CPU
		{DE291B7C-E518-4BA1-8DFC-05547764B5E0}.Release|Any CPU.Build.0 = Release|Any CPU
	EndGlobalSection
	GlobalSection(SolutionProperties) = preSolution
		HideSolutionNode = FALSE
	EndGlobalSection
EndGlobal
